
Microsoft Visual Studio Solution File, Format Version 12.00
# Visual Studio Version 17
VisualStudioVersion = 17.8.34525.116
MinimumVisualStudioVersion = 10.0.40219.1
Project("{9A19103F-16F7-4668-BE54-9A1E7A4F7556}") = "ChatStreamingConsoleApp001", "ChatStreamingConsoleApp001.csproj", "{DDDE7931-1E69-47C6-B963-4512DE52EEA8}"
EndProject
Global
	GlobalSection(SolutionConfigurationPlatforms) = preSolution
		Debug|Any CPU = Debug|Any CPU
		Release|Any CPU = Release|Any CPU
	EndGlobalSection
	GlobalSection(ProjectConfigurationPlatforms) = postSolution
		{DDDE7931-1E69-47C6-B963-4512DE52EEA8}.Debug|Any CPU.ActiveCfg = Debug|Any CPU
		{DDDE7931-1E69-47C6-B963-4512DE52EEA8}.Debug|Any CPU.Build.0 = Debug|Any CPU
		{DDDE7931-1E69-47C6-B963-4512DE52EEA8}.Release|Any CPU.ActiveCfg = Release|Any CPU
		{DDDE7931-1E69-47C6-B963-4512DE52EEA8}.Release|Any CPU.Build.0 = Release|Any CPU
	EndGlobalSection
	GlobalSection(SolutionProperties) = preSolution
		HideSolutionNode = FALSE
	EndGlobalSection
	GlobalSection(ExtensibilityGlobals) = postSolution
		SolutionGuid = {8CF72FEA-AEFA-49A8-A462-77B3A79B69E9}
	EndGlobalSection
EndGlobal
