
Microsoft Visual Studio Solution File, Format Version 12.00
# Visual Studio Version 17
VisualStudioVersion = 17.8.34525.116
MinimumVisualStudioVersion = 10.0.40219.1
Project("{9A19103F-16F7-4668-BE54-9A1E7A4F7556}") = "ChatStreamingWebApp001", "ChatStreamingWebApp001.csproj", "{79C95682-3C9E-4D23-9F92-11584BA8183E}"
EndProject
Global
	GlobalSection(SolutionConfigurationPlatforms) = preSolution
		Debug|Any CPU = Debug|Any CPU
		Release|Any CPU = Release|Any CPU
	EndGlobalSection
	GlobalSection(ProjectConfigurationPlatforms) = postSolution
		{79C95682-3C9E-4D23-9F92-11584BA8183E}.Debug|Any CPU.ActiveCfg = Debug|Any CPU
		{79C95682-3C9E-4D23-9F92-11584BA8183E}.Debug|Any CPU.Build.0 = Debug|Any CPU
		{79C95682-3C9E-4D23-9F92-11584BA8183E}.Release|Any CPU.ActiveCfg = Release|Any CPU
		{79C95682-3C9E-4D23-9F92-11584BA8183E}.Release|Any CPU.Build.0 = Release|Any CPU
	EndGlobalSection
	GlobalSection(SolutionProperties) = preSolution
		HideSolutionNode = FALSE
	EndGlobalSection
	GlobalSection(ExtensibilityGlobals) = postSolution
		SolutionGuid = {70DC1AF0-8D95-425D-BC8D-AB5AEC83148A}
	EndGlobalSection
EndGlobal
